
Microsoft Visual Studio Solution File, Format Version 12.00
# Visual Studio Version 17
VisualStudioVersion = 17.6.33829.357
MinimumVisualStudioVersion = 10.0.40219.1
Project("{FAE04EC0-301F-11D3-BF4B-00C04F79EFBC}") = "AndEduCenter.Presentation", "AndEduCenter.Presentation\AndEduCenter.Presentation.csproj", "{DC63EF34-3948-4418-AEA7-461FD6D879CB}"
EndProject
Global
	GlobalSection(SolutionConfigurationPlatforms) = preSolution
		Debug|Any CPU = Debug|Any CPU
		Release|Any CPU = Release|Any CPU
	EndGlobalSection
	GlobalSection(ProjectConfigurationPlatforms) = postSolution
		{DC63EF34-3948-4418-AEA7-461FD6D879CB}.Debug|Any CPU.ActiveCfg = Debug|Any CPU
		{DC63EF34-3948-4418-AEA7-461FD6D879CB}.Debug|Any CPU.Build.0 = Debug|Any CPU
		{DC63EF34-3948-4418-AEA7-461FD6D879CB}.Release|Any CPU.ActiveCfg = Release|Any CPU
		{DC63EF34-3948-4418-AEA7-461FD6D879CB}.Release|Any CPU.Build.0 = Release|Any CPU
	EndGlobalSection
	GlobalSection(SolutionProperties) = preSolution
		HideSolutionNode = FALSE
	EndGlobalSection
	GlobalSection(ExtensibilityGlobals) = postSolution
		SolutionGuid = {F4DA168E-10B2-4E91-8E87-613C85E04FB9}
	EndGlobalSection
EndGlobal
